
Microsoft Visual Studio Solution File, Format Version 12.00
# Visual Studio 15
VisualStudioVersion = 15.0.28010.2041
MinimumVisualStudioVersion = 10.0.40219.1
Project("{9A19103F-16F7-4668-BE54-9A1E7A4F7556}") = "my-new-angular-app", "my-new-angular-app.csproj", "{7382BD8A-1A53-4504-BD6E-A11BA13466F9}"
EndProject
Global
	GlobalSection(SolutionConfigurationPlatforms) = preSolution
		Debug|Any CPU = Debug|Any CPU
		Release|Any CPU = Release|Any CPU
	EndGlobalSection
	GlobalSection(ProjectConfigurationPlatforms) = postSolution
		{7382BD8A-1A53-4504-BD6E-A11BA13466F9}.Debug|Any CPU.ActiveCfg = Debug|Any CPU
		{7382BD8A-1A53-4504-BD6E-A11BA13466F9}.Debug|Any CPU.Build.0 = Debug|Any CPU
		{7382BD8A-1A53-4504-BD6E-A11BA13466F9}.Release|Any CPU.ActiveCfg = Release|Any CPU
		{7382BD8A-1A53-4504-BD6E-A11BA13466F9}.Release|Any CPU.Build.0 = Release|Any CPU
	EndGlobalSection
	GlobalSection(SolutionProperties) = preSolution
		HideSolutionNode = FALSE
	EndGlobalSection
	GlobalSection(ExtensibilityGlobals) = postSolution
		SolutionGuid = {6BE6745A-E973-4888-AD87-320241EE3ADE}
	EndGlobalSection
EndGlobal
